
Microsoft Visual Studio Solution File, Format Version 12.00
# Visual Studio 14
VisualStudioVersion = 14.0.24720.0
MinimumVisualStudioVersion = 10.0.40219.1
Project("{FAE04EC0-301F-11D3-BF4B-00C04F79EFBC}") = "Reservas", "Reservas\Reservas.csproj", "{03B4F5E6-C3E8-45BE-A9A8-5A4C864BC733}"
EndProject
Project("{FAE04EC0-301F-11D3-BF4B-00C04F79EFBC}") = "Reservas.Tests", "Reservas.Tests\Reservas.Tests.csproj", "{C0B2CED6-5971-4DD5-B4FB-1A7492D34F0D}"
EndProject
Project("{2150E333-8FDC-42A3-9474-1A3956D46DE8}") = "Web", "Web", "{26514AE0-5B2C-455F-9092-8520F6246BF7}"
EndProject
Project("{2150E333-8FDC-42A3-9474-1A3956D46DE8}") = "Domain", "Domain", "{530A740F-51D0-4F63-BE6C-9ECD4865E3EC}"
EndProject
Project("{2150E333-8FDC-42A3-9474-1A3956D46DE8}") = "Common", "Common", "{9DADAF73-8ADC-4B4D-AA52-5F07ADB6418F}"
EndProject
Project("{2150E333-8FDC-42A3-9474-1A3956D46DE8}") = "Data", "Data", "{7E6FC966-2083-4468-911D-8DDCA086F767}"
EndProject
Project("{2150E333-8FDC-42A3-9474-1A3956D46DE8}") = "Entities", "Entities", "{EB36FFCC-0761-45DD-8D10-D31B3BD8BE47}"
EndProject
Project("{2150E333-8FDC-42A3-9474-1A3956D46DE8}") = "Services", "Services", "{2F35BE27-DCFD-47B8-9C3D-0B09635825C6}"
EndProject
Project("{2150E333-8FDC-42A3-9474-1A3956D46DE8}") = "Repositories", "Repositories", "{98B93D22-2B99-4D2B-B693-4F290660BEB5}"
EndProject
Project("{FAE04EC0-301F-11D3-BF4B-00C04F79EFBC}") = "Common", "Domain\Common\Common\Common.csproj", "{A897864C-88DC-40B5-81B3-EB90C34400B1}"
EndProject
Project("{FAE04EC0-301F-11D3-BF4B-00C04F79EFBC}") = "BaseDataLayer", "Domain\Data\BaseDataLayer\BaseDataLayer.csproj", "{1AEA6232-5F39-4D00-9963-D33D7F26FF40}"
EndProject
Project("{FAE04EC0-301F-11D3-BF4B-00C04F79EFBC}") = "DataLayer", "Domain\Data\DataLayer\DataLayer.csproj", "{8809A833-7FA5-43DA-8691-772D7F04CC6A}"
EndProject
Project("{FAE04EC0-301F-11D3-BF4B-00C04F79EFBC}") = "Entities", "Domain\Entities\Entities\Entities.csproj", "{E81A9355-A5E1-4AAA-B773-72DE4618B1B8}"
EndProject
Project("{FAE04EC0-301F-11D3-BF4B-00C04F79EFBC}") = "Repositories", "Domain\Repositories\Repositories\Repositories.csproj", "{7D9746AA-E87B-4C39-B601-2A1001920C64}"
EndProject
Project("{FAE04EC0-301F-11D3-BF4B-00C04F79EFBC}") = "ServiceLayer", "Domain\Services\ServiceLayer\ServiceLayer.csproj", "{F8B08B7A-4BB8-4B22-BFB4-A9CBE46E1C0E}"
EndProject
Project("{2150E333-8FDC-42A3-9474-1A3956D46DE8}") = ".nuget", ".nuget", "{247AC24C-F73F-4775-B43E-DE453D84C669}"
	ProjectSection(SolutionItems) = preProject
		.nuget\NuGet.Config = .nuget\NuGet.Config
		.nuget\NuGet.exe = .nuget\NuGet.exe
		.nuget\NuGet.targets = .nuget\NuGet.targets
	EndProjectSection
EndProject
Project("{FAE04EC0-301F-11D3-BF4B-00C04F79EFBC}") = "ReservasApp.Tests", "ReservasApp.Tests\ReservasApp.Tests.csproj", "{E2017D78-D673-48FD-B1F0-0F1E1F3C230E}"
EndProject
Project("{2150E333-8FDC-42A3-9474-1A3956D46DE8}") = "SQL", "SQL", "{F006B2D2-6D9E-4D7E-912E-DC3F18B2E702}"
	ProjectSection(SolutionItems) = preProject
		SQL\Complejos_v1.sql = SQL\Complejos_v1.sql
		SQL\Reserva5DB.sql = SQL\Reserva5DB.sql
	EndProjectSection
EndProject
Project("{2150E333-8FDC-42A3-9474-1A3956D46DE8}") = "Tests", "Tests", "{B52AFF37-C38E-4AF1-AE3B-453B6E381B25}"
EndProject
Project("{FAE04EC0-301F-11D3-BF4B-00C04F79EFBC}") = "ReservasApp", "Web\ReservasApp\ReservasApp.csproj", "{96706A8D-FE0E-4717-949B-B9C8D67F768F}"
EndProject
Global
	GlobalSection(SolutionConfigurationPlatforms) = preSolution
		Debug|Any CPU = Debug|Any CPU
		Release|Any CPU = Release|Any CPU
	EndGlobalSection
	GlobalSection(ProjectConfigurationPlatforms) = postSolution
		{03B4F5E6-C3E8-45BE-A9A8-5A4C864BC733}.Debug|Any CPU.ActiveCfg = Debug|Any CPU
		{03B4F5E6-C3E8-45BE-A9A8-5A4C864BC733}.Debug|Any CPU.Build.0 = Debug|Any CPU
		{03B4F5E6-C3E8-45BE-A9A8-5A4C864BC733}.Release|Any CPU.ActiveCfg = Release|Any CPU
		{03B4F5E6-C3E8-45BE-A9A8-5A4C864BC733}.Release|Any CPU.Build.0 = Release|Any CPU
		{C0B2CED6-5971-4DD5-B4FB-1A7492D34F0D}.Debug|Any CPU.ActiveCfg = Debug|Any CPU
		{C0B2CED6-5971-4DD5-B4FB-1A7492D34F0D}.Debug|Any CPU.Build.0 = Debug|Any CPU
		{C0B2CED6-5971-4DD5-B4FB-1A7492D34F0D}.Release|Any CPU.ActiveCfg = Release|Any CPU
		{C0B2CED6-5971-4DD5-B4FB-1A7492D34F0D}.Release|Any CPU.Build.0 = Release|Any CPU
		{A897864C-88DC-40B5-81B3-EB90C34400B1}.Debug|Any CPU.ActiveCfg = Debug|Any CPU
		{A897864C-88DC-40B5-81B3-EB90C34400B1}.Debug|Any CPU.Build.0 = Debug|Any CPU
		{A897864C-88DC-40B5-81B3-EB90C34400B1}.Release|Any CPU.ActiveCfg = Release|Any CPU
		{A897864C-88DC-40B5-81B3-EB90C34400B1}.Release|Any CPU.Build.0 = Release|Any CPU
		{1AEA6232-5F39-4D00-9963-D33D7F26FF40}.Debug|Any CPU.ActiveCfg = Debug|Any CPU
		{1AEA6232-5F39-4D00-9963-D33D7F26FF40}.Debug|Any CPU.Build.0 = Debug|Any CPU
		{1AEA6232-5F39-4D00-9963-D33D7F26FF40}.Release|Any CPU.ActiveCfg = Release|Any CPU
		{1AEA6232-5F39-4D00-9963-D33D7F26FF40}.Release|Any CPU.Build.0 = Release|Any CPU
		{8809A833-7FA5-43DA-8691-772D7F04CC6A}.Debug|Any CPU.ActiveCfg = Debug|Any CPU
		{8809A833-7FA5-43DA-8691-772D7F04CC6A}.Debug|Any CPU.Build.0 = Debug|Any CPU
		{8809A833-7FA5-43DA-8691-772D7F04CC6A}.Release|Any CPU.ActiveCfg = Release|Any CPU
		{8809A833-7FA5-43DA-8691-772D7F04CC6A}.Release|Any CPU.Build.0 = Release|Any CPU
		{E81A9355-A5E1-4AAA-B773-72DE4618B1B8}.Debug|Any CPU.ActiveCfg = Debug|Any CPU
		{E81A9355-A5E1-4AAA-B773-72DE4618B1B8}.Debug|Any CPU.Build.0 = Debug|Any CPU
		{E81A9355-A5E1-4AAA-B773-72DE4618B1B8}.Release|Any CPU.ActiveCfg = Release|Any CPU
		{E81A9355-A5E1-4AAA-B773-72DE4618B1B8}.Release|Any CPU.Build.0 = Release|Any CPU
		{7D9746AA-E87B-4C39-B601-2A1001920C64}.Debug|Any CPU.ActiveCfg = Debug|Any CPU
		{7D9746AA-E87B-4C39-B601-2A1001920C64}.Debug|Any CPU.Build.0 = Debug|Any CPU
		{7D9746AA-E87B-4C39-B601-2A1001920C64}.Release|Any CPU.ActiveCfg = Release|Any CPU
		{7D9746AA-E87B-4C39-B601-2A1001920C64}.Release|Any CPU.Build.0 = Release|Any CPU
		{F8B08B7A-4BB8-4B22-BFB4-A9CBE46E1C0E}.Debug|Any CPU.ActiveCfg = Debug|Any CPU
		{F8B08B7A-4BB8-4B22-BFB4-A9CBE46E1C0E}.Debug|Any CPU.Build.0 = Debug|Any CPU
		{F8B08B7A-4BB8-4B22-BFB4-A9CBE46E1C0E}.Release|Any CPU.ActiveCfg = Release|Any CPU
		{F8B08B7A-4BB8-4B22-BFB4-A9CBE46E1C0E}.Release|Any CPU.Build.0 = Release|Any CPU
		{E2017D78-D673-48FD-B1F0-0F1E1F3C230E}.Debug|Any CPU.ActiveCfg = Debug|Any CPU
		{E2017D78-D673-48FD-B1F0-0F1E1F3C230E}.Debug|Any CPU.Build.0 = Debug|Any CPU
		{E2017D78-D673-48FD-B1F0-0F1E1F3C230E}.Release|Any CPU.ActiveCfg = Release|Any CPU
		{E2017D78-D673-48FD-B1F0-0F1E1F3C230E}.Release|Any CPU.Build.0 = Release|Any CPU
		{96706A8D-FE0E-4717-949B-B9C8D67F768F}.Debug|Any CPU.ActiveCfg = Debug|Any CPU
		{96706A8D-FE0E-4717-949B-B9C8D67F768F}.Debug|Any CPU.Build.0 = Debug|Any CPU
		{96706A8D-FE0E-4717-949B-B9C8D67F768F}.Release|Any CPU.ActiveCfg = Release|Any CPU
		{96706A8D-FE0E-4717-949B-B9C8D67F768F}.Release|Any CPU.Build.0 = Release|Any CPU
	EndGlobalSection
	GlobalSection(SolutionProperties) = preSolution
		HideSolutionNode = FALSE
	EndGlobalSection
	GlobalSection(NestedProjects) = preSolution
		{03B4F5E6-C3E8-45BE-A9A8-5A4C864BC733} = {26514AE0-5B2C-455F-9092-8520F6246BF7}
		{C0B2CED6-5971-4DD5-B4FB-1A7492D34F0D} = {B52AFF37-C38E-4AF1-AE3B-453B6E381B25}
		{9DADAF73-8ADC-4B4D-AA52-5F07ADB6418F} = {530A740F-51D0-4F63-BE6C-9ECD4865E3EC}
		{7E6FC966-2083-4468-911D-8DDCA086F767} = {530A740F-51D0-4F63-BE6C-9ECD4865E3EC}
		{EB36FFCC-0761-45DD-8D10-D31B3BD8BE47} = {530A740F-51D0-4F63-BE6C-9ECD4865E3EC}
		{2F35BE27-DCFD-47B8-9C3D-0B09635825C6} = {530A740F-51D0-4F63-BE6C-9ECD4865E3EC}
		{98B93D22-2B99-4D2B-B693-4F290660BEB5} = {530A740F-51D0-4F63-BE6C-9ECD4865E3EC}
		{A897864C-88DC-40B5-81B3-EB90C34400B1} = {9DADAF73-8ADC-4B4D-AA52-5F07ADB6418F}
		{1AEA6232-5F39-4D00-9963-D33D7F26FF40} = {7E6FC966-2083-4468-911D-8DDCA086F767}
		{8809A833-7FA5-43DA-8691-772D7F04CC6A} = {7E6FC966-2083-4468-911D-8DDCA086F767}
		{E81A9355-A5E1-4AAA-B773-72DE4618B1B8} = {EB36FFCC-0761-45DD-8D10-D31B3BD8BE47}
		{7D9746AA-E87B-4C39-B601-2A1001920C64} = {98B93D22-2B99-4D2B-B693-4F290660BEB5}
		{F8B08B7A-4BB8-4B22-BFB4-A9CBE46E1C0E} = {2F35BE27-DCFD-47B8-9C3D-0B09635825C6}
		{E2017D78-D673-48FD-B1F0-0F1E1F3C230E} = {B52AFF37-C38E-4AF1-AE3B-453B6E381B25}
		{96706A8D-FE0E-4717-949B-B9C8D67F768F} = {26514AE0-5B2C-455F-9092-8520F6246BF7}
	EndGlobalSection
EndGlobal
